
Microsoft Visual Studio Solution File, Format Version 12.00
# Visual Studio Version 16
VisualStudioVersion = 16.0.29403.142
MinimumVisualStudioVersion = 10.0.40219.1
Project("{FAE04EC0-301F-11D3-BF4B-00C04F79EFBC}") = "RNG_but_i_couldt_care_less", "RNG_but_i_couldt_care_less\RNG_but_i_couldt_care_less.csproj", "{DA8682A1-DEB1-45C3-B6DD-6E93581DA99A}"
EndProject
Global
	GlobalSection(SolutionConfigurationPlatforms) = preSolution
		Debug|Any CPU = Debug|Any CPU
		Release|Any CPU = Release|Any CPU
	EndGlobalSection
	GlobalSection(ProjectConfigurationPlatforms) = postSolution
		{DA8682A1-DEB1-45C3-B6DD-6E93581DA99A}.Debug|Any CPU.ActiveCfg = Debug|Any CPU
		{DA8682A1-DEB1-45C3-B6DD-6E93581DA99A}.Debug|Any CPU.Build.0 = Debug|Any CPU
		{DA8682A1-DEB1-45C3-B6DD-6E93581DA99A}.Release|Any CPU.ActiveCfg = Release|Any CPU
		{DA8682A1-DEB1-45C3-B6DD-6E93581DA99A}.Release|Any CPU.Build.0 = Release|Any CPU
	EndGlobalSection
	GlobalSection(SolutionProperties) = preSolution
		HideSolutionNode = FALSE
	EndGlobalSection
	GlobalSection(ExtensibilityGlobals) = postSolution
		SolutionGuid = {58AFEAE5-6567-420E-9C7E-06961B18838E}
	EndGlobalSection
EndGlobal
